{
  "requires": true,
  "lockfileVersion": 1,
  "dependencies": {
    "primer-alerts": {
      "version": "1.4.0",
      "resolved": "https://registry.npmjs.org/primer-alerts/-/primer-alerts-1.4.0.tgz",
      "integrity": "sha1-WQSm4czJP1qyBN9IirCDk9XptM8=",
      "requires": {
        "primer-support": "4.3.0"
      }
    },
    "primer-avatars": {
      "version": "1.3.0",
      "resolved": "https://registry.npmjs.org/primer-avatars/-/primer-avatars-1.3.0.tgz",
      "integrity": "sha1-jm/3JwRoOfBctO/m3glsHTLMolI=",
      "requires": {
        "primer-support": "4.3.0"
      }
    },
    "primer-base": {
      "version": "1.4.0",
      "resolved": "https://registry.npmjs.org/primer-base/-/primer-base-1.4.0.tgz",
      "integrity": "sha1-LcSQCw3sQcQnfO34ltU9KdKyFSs=",
      "requires": {
        "primer-support": "4.3.0"
      }
    },
    "primer-blankslate": {
      "version": "1.3.0",
      "resolved": "https://registry.npmjs.org/primer-blankslate/-/primer-blankslate-1.3.0.tgz",
      "integrity": "sha1-I8xaqZ+yMkZSdExtzzXrLwkr6eE=",
      "requires": {
        "primer-support": "4.3.0"
      }
    },
    "primer-box": {
      "version": "2.4.0",
      "resolved": "https://registry.npmjs.org/primer-box/-/primer-box-2.4.0.tgz",
      "integrity": "sha1-6DiuNtHdTvI0EbzrhO9Q5SJHkwY=",
      "requires": {
        "primer-support": "4.3.0"
      }
    },
    "primer-breadcrumb": {
      "version": "1.3.0",
      "resolved": "https://registry.npmjs.org/primer-breadcrumb/-/primer-breadcrumb-1.3.0.tgz",
      "integrity": "sha1-azYkkywUcLECkhzNFHD1FoR1fX8=",
      "requires": {
        "primer-marketing-support": "1.3.0",
        "primer-support": "4.3.0"
      }
    },
    "primer-buttons": {
      "version": "2.3.0",
      "resolved": "https://registry.npmjs.org/primer-buttons/-/primer-buttons-2.3.0.tgz",
      "integrity": "sha1-BhbfgtD7ngQQtTrj+9P/RnxGRkI=",
      "requires": {
        "primer-support": "4.3.0"
      }
    },
    "primer-cards": {
      "version": "0.4.0",
      "resolved": "https://registry.npmjs.org/primer-cards/-/primer-cards-0.4.0.tgz",
      "integrity": "sha1-OMUtZA8bdZkartKNSJjwv89EOMg=",
      "requires": {
        "primer-marketing-support": "1.3.0",
        "primer-support": "4.3.0"
      }
    },
    "primer-core": {
      "version": "6.3.0",
      "resolved": "https://registry.npmjs.org/primer-core/-/primer-core-6.3.0.tgz",
      "integrity": "sha1-nkK4XQyZvYKTzfM2TzSVRva7Fz4=",
      "requires": {
        "primer-base": "1.4.0",
        "primer-box": "2.4.0",
        "primer-buttons": "2.3.0",
        "primer-forms": "1.3.0",
        "primer-layout": "1.3.0",
        "primer-navigation": "1.3.0",
        "primer-support": "4.3.0",
        "primer-table-object": "1.3.0",
        "primer-tooltips": "1.3.0",
        "primer-truncate": "1.3.0",
        "primer-utilities": "4.6.0"
      }
    },
    "primer-css": {
      "version": "9.3.0",
      "resolved": "https://registry.npmjs.org/primer-css/-/primer-css-9.3.0.tgz",
      "integrity": "sha1-BKrHyz1ni2RE+nwlZPgYsTGjIkY=",
      "requires": {
        "primer-alerts": "1.4.0",
        "primer-avatars": "1.3.0",
        "primer-base": "1.4.0",
        "primer-blankslate": "1.3.0",
        "primer-box": "2.4.0",
        "primer-breadcrumb": "1.3.0",
        "primer-buttons": "2.3.0",
        "primer-cards": "0.4.0",
        "primer-core": "6.3.0",
        "primer-forms": "1.3.0",
        "primer-labels": "1.4.0",
        "primer-layout": "1.3.0",
        "primer-markdown": "3.6.0",
        "primer-marketing": "5.3.0",
        "primer-marketing-support": "1.3.0",
        "primer-marketing-type": "1.3.0",
        "primer-marketing-utilities": "1.3.0",
        "primer-navigation": "1.3.0",
        "primer-page-headers": "1.3.0",
        "primer-page-sections": "1.3.0",
        "primer-product": "5.3.0",
        "primer-support": "4.3.0",
        "primer-table-object": "1.3.0",
        "primer-tables": "1.3.0",
        "primer-tooltips": "1.3.0",
        "primer-truncate": "1.3.0",
        "primer-utilities": "4.6.0"
      }
    },
    "primer-forms": {
      "version": "1.3.0",
      "resolved": "https://registry.npmjs.org/primer-forms/-/primer-forms-1.3.0.tgz",
      "integrity": "sha1-bIIw4ecgFAZC++bBt9VZ7COXW3A=",
      "requires": {
        "primer-support": "4.3.0"
      }
    },
    "primer-labels": {
      "version": "1.4.0",
      "resolved": "https://registry.npmjs.org/primer-labels/-/primer-labels-1.4.0.tgz",
      "integrity": "sha1-qf2b3S8j3+T0xJGOZ+uzh47/mMo=",
      "requires": {
        "primer-support": "4.3.0"
      }
    },
    "primer-layout": {
      "version": "1.3.0",
      "resolved": "https://registry.npmjs.org/primer-layout/-/primer-layout-1.3.0.tgz",
      "integrity": "sha1-Z5q57/Cz/fd+2zEj49gycvswLnY=",
      "requires": {
        "primer-support": "4.3.0"
      }
    },
    "primer-markdown": {
      "version": "3.6.0",
      "resolved": "https://registry.npmjs.org/primer-markdown/-/primer-markdown-3.6.0.tgz",
      "integrity": "sha1-MPO1AmVnL7q8l32bBzSK7HAqwWA=",
      "requires": {
        "primer-support": "4.3.0"
      }
    },
    "primer-marketing": {
      "version": "5.3.0",
      "resolved": "https://registry.npmjs.org/primer-marketing/-/primer-marketing-5.3.0.tgz",
      "integrity": "sha1-Z1HWAX+rvBS2x8gW6JB6ZbSkcmQ=",
      "requires": {
        "primer-breadcrumb": "1.3.0",
        "primer-cards": "0.4.0",
        "primer-marketing-support": "1.3.0",
        "primer-marketing-type": "1.3.0",
        "primer-marketing-utilities": "1.3.0",
        "primer-page-headers": "1.3.0",
        "primer-page-sections": "1.3.0",
        "primer-support": "4.3.0",
        "primer-tables": "1.3.0"
      }
    },
    "primer-marketing-support": {
      "version": "1.3.0",
      "resolved": "https://registry.npmjs.org/primer-marketing-support/-/primer-marketing-support-1.3.0.tgz",
      "integrity": "sha1-MwV1EV0ofaTa+byKavkcP2QMOz8="
    },
    "primer-marketing-type": {
      "version": "1.3.0",
      "resolved": "https://registry.npmjs.org/primer-marketing-type/-/primer-marketing-type-1.3.0.tgz",
      "integrity": "sha1-MWWBC/cXAPJQUYX7Z84xatawXTE=",
      "requires": {
        "primer-marketing-support": "1.3.0",
        "primer-support": "4.3.0"
      }
    },
    "primer-marketing-utilities": {
      "version": "1.3.0",
      "resolved": "https://registry.npmjs.org/primer-marketing-utilities/-/primer-marketing-utilities-1.3.0.tgz",
      "integrity": "sha1-Z3cylPK/ZyqcIr/Os1/AkxlKPvo=",
      "requires": {
        "primer-marketing-support": "1.3.0",
        "primer-support": "4.3.0"
      }
    },
    "primer-navigation": {
      "version": "1.3.0",
      "resolved": "https://registry.npmjs.org/primer-navigation/-/primer-navigation-1.3.0.tgz",
      "integrity": "sha1-TWGsX/Dl6745hHMP669ZLl5KpUw=",
      "requires": {
        "primer-support": "4.3.0"
      }
    },
    "primer-page-headers": {
      "version": "1.3.0",
      "resolved": "https://registry.npmjs.org/primer-page-headers/-/primer-page-headers-1.3.0.tgz",
      "integrity": "sha1-Ab0mL8kwNfgIyMHmOn89WrqvXs8=",
      "requires": {
        "primer-marketing-support": "1.3.0",
        "primer-support": "4.3.0"
      }
    },
    "primer-page-sections": {
      "version": "1.3.0",
      "resolved": "https://registry.npmjs.org/primer-page-sections/-/primer-page-sections-1.3.0.tgz",
      "integrity": "sha1-0w66DgC1xHG+8pGZtKIW4zCyStw=",
      "requires": {
        "primer-marketing-support": "1.3.0",
        "primer-support": "4.3.0"
      }
    },
    "primer-product": {
      "version": "5.3.0",
      "resolved": "https://registry.npmjs.org/primer-product/-/primer-product-5.3.0.tgz",
      "integrity": "sha1-5hygeLBtS7nhf7Ik5PSX0M/ZLZk=",
      "requires": {
        "primer-alerts": "1.4.0",
        "primer-avatars": "1.3.0",
        "primer-blankslate": "1.3.0",
        "primer-labels": "1.4.0",
        "primer-markdown": "3.6.0",
        "primer-support": "4.3.0"
      }
    },
    "primer-support": {
      "version": "4.3.0",
      "resolved": "https://registry.npmjs.org/primer-support/-/primer-support-4.3.0.tgz",
      "integrity": "sha1-xHD++MC/8uyKdxoHSXg8KziBGP4="
    },
    "primer-table-object": {
      "version": "1.3.0",
      "resolved": "https://registry.npmjs.org/primer-table-object/-/primer-table-object-1.3.0.tgz",
      "integrity": "sha1-mOEW7ozKUfLIHUUmenVPr3MefPs=",
      "requires": {
        "primer-support": "4.3.0"
      }
    },
    "primer-tables": {
      "version": "1.3.0",
      "resolved": "https://registry.npmjs.org/primer-tables/-/primer-tables-1.3.0.tgz",
      "integrity": "sha1-V+hs1Bqc4+MDxavNvk0pQNKiVUo=",
      "requires": {
        "primer-marketing-support": "1.3.0",
        "primer-support": "4.3.0"
      }
    },
    "primer-tooltips": {
      "version": "1.3.0",
      "resolved": "https://registry.npmjs.org/primer-tooltips/-/primer-tooltips-1.3.0.tgz",
      "integrity": "sha1-6jtJVcaz1t5aJtMDeeeli5MzHqM=",
      "requires": {
        "primer-support": "4.3.0"
      }
    },
    "primer-truncate": {
      "version": "1.3.0",
      "resolved": "https://registry.npmjs.org/primer-truncate/-/primer-truncate-1.3.0.tgz",
      "integrity": "sha1-ROu/5eS/KVCT9pMXutVi9TilHYY=",
      "requires": {
        "primer-support": "4.3.0"
      }
    },
    "primer-utilities": {
      "version": "4.6.0",
      "resolved": "https://registry.npmjs.org/primer-utilities/-/primer-utilities-4.6.0.tgz",
      "integrity": "sha1-k8pth+g8pd6rPIQBNAbcpMxlTes=",
      "requires": {
        "primer-support": "4.3.0"
      }
    }
  }
}
